
Microsoft Visual Studio Solution File, Format Version 12.00
# Visual Studio 15
Project("{FAE04EC0-301F-11D3-BF4B-00C04F79EFBC}") = "Unity.XR.Interaction.Toolkit.Samples.StarterAssets", "Unity.XR.Interaction.Toolkit.Samples.StarterAssets.csproj", "{514CF431-F2B1-4BC7-9EAF-BDAE0A4B4968}"
EndProject
Project("{FAE04EC0-301F-11D3-BF4B-00C04F79EFBC}") = "Assembly-CSharp", "Assembly-CSharp.csproj", "{62E4E7FA-E378-5A79-6B40-9E9B7073DE40}"
EndProject
Project("{FAE04EC0-301F-11D3-BF4B-00C04F79EFBC}") = "Assembly-CSharp-Editor", "Assembly-CSharp-Editor.csproj", "{08162FCF-A662-D6BC-F5A4-28689B8663BB}"
EndProject
Project("{FAE04EC0-301F-11D3-BF4B-00C04F79EFBC}") = "Unity.XR.Interaction.Toolkit.Samples.StarterAssets.Editor", "Unity.XR.Interaction.Toolkit.Samples.StarterAssets.Editor.csproj", "{9C8BC960-C6C9-0623-97FD-181FA83B2969}"
EndProject
Global
	GlobalSection(SolutionConfigurationPlatforms) = preSolution
		Debug|Any CPU = Debug|Any CPU
		Release|Any CPU = Release|Any CPU
	EndGlobalSection
	GlobalSection(ProjectConfigurationPlatforms) = postSolution
		{514CF431-F2B1-4BC7-9EAF-BDAE0A4B4968}.Debug|Any CPU.ActiveCfg = Debug|Any CPU
		{514CF431-F2B1-4BC7-9EAF-BDAE0A4B4968}.Debug|Any CPU.Build.0 = Debug|Any CPU
		{514CF431-F2B1-4BC7-9EAF-BDAE0A4B4968}.Release|Any CPU.ActiveCfg = Release|Any CPU
		{514CF431-F2B1-4BC7-9EAF-BDAE0A4B4968}.Release|Any CPU.Build.0 = Release|Any CPU
		{62E4E7FA-E378-5A79-6B40-9E9B7073DE40}.Debug|Any CPU.ActiveCfg = Debug|Any CPU
		{62E4E7FA-E378-5A79-6B40-9E9B7073DE40}.Debug|Any CPU.Build.0 = Debug|Any CPU
		{62E4E7FA-E378-5A79-6B40-9E9B7073DE40}.Release|Any CPU.ActiveCfg = Release|Any CPU
		{62E4E7FA-E378-5A79-6B40-9E9B7073DE40}.Release|Any CPU.Build.0 = Release|Any CPU
		{08162FCF-A662-D6BC-F5A4-28689B8663BB}.Debug|Any CPU.ActiveCfg = Debug|Any CPU
		{08162FCF-A662-D6BC-F5A4-28689B8663BB}.Debug|Any CPU.Build.0 = Debug|Any CPU
		{08162FCF-A662-D6BC-F5A4-28689B8663BB}.Release|Any CPU.ActiveCfg = Release|Any CPU
		{08162FCF-A662-D6BC-F5A4-28689B8663BB}.Release|Any CPU.Build.0 = Release|Any CPU
		{9C8BC960-C6C9-0623-97FD-181FA83B2969}.Debug|Any CPU.ActiveCfg = Debug|Any CPU
		{9C8BC960-C6C9-0623-97FD-181FA83B2969}.Debug|Any CPU.Build.0 = Debug|Any CPU
		{9C8BC960-C6C9-0623-97FD-181FA83B2969}.Release|Any CPU.ActiveCfg = Release|Any CPU
		{9C8BC960-C6C9-0623-97FD-181FA83B2969}.Release|Any CPU.Build.0 = Release|Any CPU
	EndGlobalSection
	GlobalSection(SolutionProperties) = preSolution
		HideSolutionNode = FALSE
	EndGlobalSection
EndGlobal
